
Microsoft Visual Studio Solution File, Format Version 12.00
# Visual Studio 2013
VisualStudioVersion = 12.0.31101.0
MinimumVisualStudioVersion = 10.0.40219.1
Project("{FAE04EC0-301F-11D3-BF4B-00C04F79EFBC}") = "Redington", "Redington\Redington.csproj", "{EE2B64D5-A416-4EED-9B10-9E834AD134A4}"
EndProject
Project("{FAE04EC0-301F-11D3-BF4B-00C04F79EFBC}") = "Redington.Tests", "C:\Users\Tomek\Documents\Visual Studio 2013\Projects\Redington\Redington.Tests\Redington.Tests.csproj", "{DC50476B-A333-4402-B756-BA69837432B3}"
EndProject
Global
	GlobalSection(SolutionConfigurationPlatforms) = preSolution
		Debug|Any CPU = Debug|Any CPU
		Release|Any CPU = Release|Any CPU
	EndGlobalSection
	GlobalSection(ProjectConfigurationPlatforms) = postSolution
		{EE2B64D5-A416-4EED-9B10-9E834AD134A4}.Debug|Any CPU.ActiveCfg = Debug|Any CPU
		{EE2B64D5-A416-4EED-9B10-9E834AD134A4}.Debug|Any CPU.Build.0 = Debug|Any CPU
		{EE2B64D5-A416-4EED-9B10-9E834AD134A4}.Release|Any CPU.ActiveCfg = Release|Any CPU
		{EE2B64D5-A416-4EED-9B10-9E834AD134A4}.Release|Any CPU.Build.0 = Release|Any CPU
		{DC50476B-A333-4402-B756-BA69837432B3}.Debug|Any CPU.ActiveCfg = Debug|Any CPU
		{DC50476B-A333-4402-B756-BA69837432B3}.Debug|Any CPU.Build.0 = Debug|Any CPU
		{DC50476B-A333-4402-B756-BA69837432B3}.Release|Any CPU.ActiveCfg = Release|Any CPU
		{DC50476B-A333-4402-B756-BA69837432B3}.Release|Any CPU.Build.0 = Release|Any CPU
	EndGlobalSection
	GlobalSection(SolutionProperties) = preSolution
		HideSolutionNode = FALSE
	EndGlobalSection
EndGlobal
